<Solution>
  <Folder Name="/0_Entities-DTOS/">
    <Project Path="../../../../../../Documents/Cenfotec/5 cuatri/Proyecto 2/Tecnico/Programas/Entities-DTOS/Entities/Entities-DTOS.csproj" />
  </Folder>
  <Folder Name="/1_DataAccess/">
    <Project Path="../../../../../../Documents/Cenfotec/5 cuatri/Proyecto 2/Tecnico/Programas/Entities-DTOS/DataAccess/DataAccess.csproj" />
  </Folder>
  <Folder Name="/2_CoreApp/">
    <Project Path="../../../../../../Documents/Cenfotec/5 cuatri/Proyecto 2/Tecnico/Programas/Entities-DTOS/CoreApp/CoreApp.csproj" />
  </Folder>
  <Folder Name="/3_WebAPI/">
    <Project Path="../../../../../../Documents/Cenfotec/5 cuatri/Proyecto 2/Tecnico/Programas/Entities-DTOS/WebAPI/WebAPI.csproj" />
  </Folder>
</Solution>
